
Microsoft Visual Studio Solution File, Format Version 12.00
# Visual Studio 15
VisualStudioVersion = 15.0.28010.2019
MinimumVisualStudioVersion = 10.0.40219.1
Project("{8BC9CEB8-8B4A-11D0-8D11-00A0C91BC942}") = "ShredLord_The_Final_Note", "ShredLord_The_Final_Note\ShredLord_The_Final_Note.vcxproj", "{FD30BDAF-A76F-448C-850A-8F4BF55E8D44}"
EndProject
Global
	GlobalSection(SolutionConfigurationPlatforms) = preSolution
		Debug|x64 = Debug|x64
		Debug|x86 = Debug|x86
		Release|x64 = Release|x64
		Release|x86 = Release|x86
	EndGlobalSection
	GlobalSection(ProjectConfigurationPlatforms) = postSolution
		{FD30BDAF-A76F-448C-850A-8F4BF55E8D44}.Debug|x64.ActiveCfg = Debug|x64
		{FD30BDAF-A76F-448C-850A-8F4BF55E8D44}.Debug|x64.Build.0 = Debug|x64
		{FD30BDAF-A76F-448C-850A-8F4BF55E8D44}.Debug|x86.ActiveCfg = Debug|Win32
		{FD30BDAF-A76F-448C-850A-8F4BF55E8D44}.Debug|x86.Build.0 = Debug|Win32
		{FD30BDAF-A76F-448C-850A-8F4BF55E8D44}.Release|x64.ActiveCfg = Release|x64
		{FD30BDAF-A76F-448C-850A-8F4BF55E8D44}.Release|x64.Build.0 = Release|x64
		{FD30BDAF-A76F-448C-850A-8F4BF55E8D44}.Release|x86.ActiveCfg = Release|Win32
		{FD30BDAF-A76F-448C-850A-8F4BF55E8D44}.Release|x86.Build.0 = Release|Win32
	EndGlobalSection
	GlobalSection(SolutionProperties) = preSolution
		HideSolutionNode = FALSE
	EndGlobalSection
	GlobalSection(ExtensibilityGlobals) = postSolution
		SolutionGuid = {B54806FE-5681-4878-B16D-DC0B2F56BC77}
	EndGlobalSection
EndGlobal
